// !$*UTF8*$!
{
	archiveVersion = 1;
	classes = {
	};
	objectVersion = 46;
	objects = {

/* Begin PBXBuildFile section */
		5E58D0A9C7DF26D55ADC5F65 /* libPods-TalkWeather.a in Frameworks */ = {isa = PBXBuildFile; fileRef = 70F74ACFBE7E967698A5D443 /* libPods-TalkWeather.a */; };
		BA10D3F51EB84CFB00BA44C7 /* MeTableViewDateSource.m in Sources */ = {isa = PBXBuildFile; fileRef = BA10D3F41EB84CFB00BA44C7 /* MeTableViewDateSource.m */; };
		BA10D3F91EB87C2A00BA44C7 /* MeExtentsTableViewCell.m in Sources */ = {isa = PBXBuildFile; fileRef = BA10D3F81EB87C2A00BA44C7 /* MeExtentsTableViewCell.m */; };
		BA1496461EADEC4200D2B740 /* MainTabBarViewController.m in Sources */ = {isa = PBXBuildFile; fileRef = BA1496451EADEC4200D2B740 /* MainTabBarViewController.m */; };
		BA14964A1EADF26600D2B740 /* MeViewController.m in Sources */ = {isa = PBXBuildFile; fileRef = BA1496491EADF26600D2B740 /* MeViewController.m */; };
		BA14964D1EADF27D00D2B740 /* WeatherViewController.m in Sources */ = {isa = PBXBuildFile; fileRef = BA14964C1EADF27D00D2B740 /* WeatherViewController.m */; };
		BA1496511EADF85700D2B740 /* WeatherInfo.m in Sources */ = {isa = PBXBuildFile; fileRef = BA1496501EADF85700D2B740 /* WeatherInfo.m */; };
		BA29FDE01EAA077500967D49 /* main.m in Sources */ = {isa = PBXBuildFile; fileRef = BA29FDDF1EAA077500967D49 /* main.m */; };
		BA29FDE31EAA077500967D49 /* AppDelegate.m in Sources */ = {isa = PBXBuildFile; fileRef = BA29FDE21EAA077500967D49 /* AppDelegate.m */; };
		BA29FDE91EAA077500967D49 /* Main.storyboard in Resources */ = {isa = PBXBuildFile; fileRef = BA29FDE71EAA077500967D49 /* Main.storyboard */; };
		BA29FDEB1EAA077500967D49 /* Assets.xcassets in Resources */ = {isa = PBXBuildFile; fileRef = BA29FDEA1EAA077500967D49 /* Assets.xcassets */; };
		BA29FDEE1EAA077500967D49 /* LaunchScreen.storyboard in Resources */ = {isa = PBXBuildFile; fileRef = BA29FDEC1EAA077500967D49 /* LaunchScreen.storyboard */; };
		C978296B1EB6212B005EEDE1 /* bgimg.png in Resources */ = {isa = PBXBuildFile; fileRef = C978296A1EB6212B005EEDE1 /* bgimg.png */; };
		C978296D1EB621A8005EEDE1 /* image.xcassets in Resources */ = {isa = PBXBuildFile; fileRef = C978296C1EB621A8005EEDE1 /* image.xcassets */; };
		C978296F1EB62229005EEDE1 /* tabbar_me@2x.png in Resources */ = {isa = PBXBuildFile; fileRef = C978296E1EB62229005EEDE1 /* tabbar_me@2x.png */; };
		C97829711EB62236005EEDE1 /* tabbar_me@3x.png in Resources */ = {isa = PBXBuildFile; fileRef = C97829701EB62236005EEDE1 /* tabbar_me@3x.png */; };
/* End PBXBuildFile section */

/* Begin PBXFileReference section */
		70F74ACFBE7E967698A5D443 /* libPods-TalkWeather.a */ = {isa = PBXFileReference; explicitFileType = archive.ar; includeInIndex = 0; path = "libPods-TalkWeather.a"; sourceTree = BUILT_PRODUCTS_DIR; };
		AD9324B66A074B9FA844E634 /* Pods-TalkWeather.release.xcconfig */ = {isa = PBXFileReference; includeInIndex = 1; lastKnownFileType = text.xcconfig; name = "Pods-TalkWeather.release.xcconfig"; path = "Pods/Target Support Files/Pods-TalkWeather/Pods-TalkWeather.release.xcconfig"; sourceTree = "<group>"; };
		BA10D3F31EB84CFB00BA44C7 /* MeTableViewDateSource.h */ = {isa = PBXFileReference; fileEncoding = 4; lastKnownFileType = sourcecode.c.h; path = MeTableViewDateSource.h; sourceTree = "<group>"; };
		BA10D3F41EB84CFB00BA44C7 /* MeTableViewDateSource.m */ = {isa = PBXFileReference; fileEncoding = 4; lastKnownFileType = sourcecode.c.objc; path = MeTableViewDateSource.m; sourceTree = "<group>"; };
		BA10D3F71EB87C2A00BA44C7 /* MeExtentsTableViewCell.h */ = {isa = PBXFileReference; fileEncoding = 4; lastKnownFileType = sourcecode.c.h; path = MeExtentsTableViewCell.h; sourceTree = "<group>"; };
		BA10D3F81EB87C2A00BA44C7 /* MeExtentsTableViewCell.m */ = {isa = PBXFileReference; fileEncoding = 4; lastKnownFileType = sourcecode.c.objc; path = MeExtentsTableViewCell.m; sourceTree = "<group>"; };
		BA1496441EADEC4200D2B740 /* MainTabBarViewController.h */ = {isa = PBXFileReference; fileEncoding = 4; lastKnownFileType = sourcecode.c.h; path = MainTabBarViewController.h; sourceTree = "<group>"; };
		BA1496451EADEC4200D2B740 /* MainTabBarViewController.m */ = {isa = PBXFileReference; fileEncoding = 4; lastKnownFileType = sourcecode.c.objc; path = MainTabBarViewController.m; sourceTree = "<group>"; };
		BA1496481EADF26600D2B740 /* MeViewController.h */ = {isa = PBXFileReference; fileEncoding = 4; lastKnownFileType = sourcecode.c.h; path = MeViewController.h; sourceTree = "<group>"; };
		BA1496491EADF26600D2B740 /* MeViewController.m */ = {isa = PBXFileReference; fileEncoding = 4; lastKnownFileType = sourcecode.c.objc; path = MeViewController.m; sourceTree = "<group>"; };
		BA14964B1EADF27D00D2B740 /* WeatherViewController.h */ = {isa = PBXFileReference; fileEncoding = 4; lastKnownFileType = sourcecode.c.h; path = WeatherViewController.h; sourceTree = "<group>"; };
		BA14964C1EADF27D00D2B740 /* WeatherViewController.m */ = {isa = PBXFileReference; fileEncoding = 4; lastKnownFileType = sourcecode.c.objc; path = WeatherViewController.m; sourceTree = "<group>"; };
		BA14964F1EADF85700D2B740 /* WeatherInfo.h */ = {isa = PBXFileReference; fileEncoding = 4; lastKnownFileType = sourcecode.c.h; path = WeatherInfo.h; sourceTree = "<group>"; };
		BA1496501EADF85700D2B740 /* WeatherInfo.m */ = {isa = PBXFileReference; fileEncoding = 4; lastKnownFileType = sourcecode.c.objc; path = WeatherInfo.m; sourceTree = "<group>"; };
		BA29FDDB1EAA077500967D49 /* TalkWeather.app */ = {isa = PBXFileReference; explicitFileType = wrapper.application; includeInIndex = 0; path = TalkWeather.app; sourceTree = BUILT_PRODUCTS_DIR; };
		BA29FDDF1EAA077500967D49 /* main.m */ = {isa = PBXFileReference; lastKnownFileType = sourcecode.c.objc; path = main.m; sourceTree = "<group>"; };
		BA29FDE11EAA077500967D49 /* AppDelegate.h */ = {isa = PBXFileReference; lastKnownFileType = sourcecode.c.h; path = AppDelegate.h; sourceTree = "<group>"; };
		BA29FDE21EAA077500967D49 /* AppDelegate.m */ = {isa = PBXFileReference; lastKnownFileType = sourcecode.c.objc; path = AppDelegate.m; sourceTree = "<group>"; };
		BA29FDE81EAA077500967D49 /* Base */ = {isa = PBXFileReference; lastKnownFileType = file.storyboard; name = Base; path = Base.lproj/Main.storyboard; sourceTree = "<group>"; };
		BA29FDEA1EAA077500967D49 /* Assets.xcassets */ = {isa = PBXFileReference; lastKnownFileType = folder.assetcatalog; path = Assets.xcassets; sourceTree = "<group>"; };
		BA29FDED1EAA077500967D49 /* Base */ = {isa = PBXFileReference; lastKnownFileType = file.storyboard; name = Base; path = Base.lproj/LaunchScreen.storyboard; sourceTree = "<group>"; };
		BA29FDEF1EAA077500967D49 /* Info.plist */ = {isa = PBXFileReference; lastKnownFileType = text.plist.xml; path = Info.plist; sourceTree = "<group>"; };
		C978296A1EB6212B005EEDE1 /* bgimg.png */ = {isa = PBXFileReference; lastKnownFileType = image.png; path = bgimg.png; sourceTree = "<group>"; };
		C978296C1EB621A8005EEDE1 /* image.xcassets */ = {isa = PBXFileReference; lastKnownFileType = folder.assetcatalog; path = image.xcassets; sourceTree = "<group>"; };
		C978296E1EB62229005EEDE1 /* tabbar_me@2x.png */ = {isa = PBXFileReference; lastKnownFileType = image.png; name = "tabbar_me@2x.png"; path = "image.xcassets/Image.imageset/tabbar_me@2x.png"; sourceTree = "<group>"; };
		C97829701EB62236005EEDE1 /* tabbar_me@3x.png */ = {isa = PBXFileReference; lastKnownFileType = image.png; name = "tabbar_me@3x.png"; path = "image.xcassets/Image.imageset/tabbar_me@3x.png"; sourceTree = "<group>"; };
		E190DAC0448C1D78A0D3548E /* Pods-TalkWeather.debug.xcconfig */ = {isa = PBXFileReference; includeInIndex = 1; lastKnownFileType = text.xcconfig; name = "Pods-TalkWeather.debug.xcconfig"; path = "Pods/Target Support Files/Pods-TalkWeather/Pods-TalkWeather.debug.xcconfig"; sourceTree = "<group>"; };
/* End PBXFileReference section */

/* Begin PBXFrameworksBuildPhase section */
		BA29FDD81EAA077500967D49 /* Frameworks */ = {
			isa = PBXFrameworksBuildPhase;
			buildActionMask = 2147483647;
			files = (
				5E58D0A9C7DF26D55ADC5F65 /* libPods-TalkWeather.a in Frameworks */,
			);
			runOnlyForDeploymentPostprocessing = 0;
		};
/* End PBXFrameworksBuildPhase section */

/* Begin PBXGroup section */
		179D95F9BB3E9047A9839304 /* Frameworks */ = {
			isa = PBXGroup;
			children = (
				70F74ACFBE7E967698A5D443 /* libPods-TalkWeather.a */,
			);
			name = Frameworks;
			sourceTree = "<group>";
		};
		BA10D3F21EB84CB900BA44C7 /* MeViewController */ = {
			isa = PBXGroup;
			children = (
				BA10D3F61EB87BE700BA44C7 /* Cells */,
				BA1496481EADF26600D2B740 /* MeViewController.h */,
				BA1496491EADF26600D2B740 /* MeViewController.m */,
				BA10D3F31EB84CFB00BA44C7 /* MeTableViewDateSource.h */,
				BA10D3F41EB84CFB00BA44C7 /* MeTableViewDateSource.m */,
			);
			name = MeViewController;
			sourceTree = "<group>";
		};
		BA10D3F61EB87BE700BA44C7 /* Cells */ = {
			isa = PBXGroup;
			children = (
				BA10D3F71EB87C2A00BA44C7 /* MeExtentsTableViewCell.h */,
				BA10D3F81EB87C2A00BA44C7 /* MeExtentsTableViewCell.m */,
			);
			name = Cells;
			sourceTree = "<group>";
		};
		BA1496431EADEBE100D2B740 /* MainTab */ = {
			isa = PBXGroup;
			children = (
				BA1496441EADEC4200D2B740 /* MainTabBarViewController.h */,
				BA1496451EADEC4200D2B740 /* MainTabBarViewController.m */,
			);
			name = MainTab;
			sourceTree = "<group>";
		};
		BA1496471EADEC8D00D2B740 /* Contrllolers */ = {
			isa = PBXGroup;
			children = (
				BA10D3F21EB84CB900BA44C7 /* MeViewController */,
				BA14964B1EADF27D00D2B740 /* WeatherViewController.h */,
				BA14964C1EADF27D00D2B740 /* WeatherViewController.m */,
			);
			name = Contrllolers;
			sourceTree = "<group>";
		};
		BA14964E1EADF82F00D2B740 /* models */ = {
			isa = PBXGroup;
			children = (
				BA14964F1EADF85700D2B740 /* WeatherInfo.h */,
				BA1496501EADF85700D2B740 /* WeatherInfo.m */,
			);
			name = models;
			sourceTree = "<group>";
		};
		BA29FDD21EAA077500967D49 = {
			isa = PBXGroup;
			children = (
				BA29FDDD1EAA077500967D49 /* TalkWeather */,
				BA29FDDC1EAA077500967D49 /* Products */,
				EB11F1083D052343E3EB6D4F /* Pods */,
				179D95F9BB3E9047A9839304 /* Frameworks */,
			);
			sourceTree = "<group>";
		};
		BA29FDDC1EAA077500967D49 /* Products */ = {
			isa = PBXGroup;
			children = (
				BA29FDDB1EAA077500967D49 /* TalkWeather.app */,
			);
			name = Products;
			sourceTree = "<group>";
		};
		BA29FDDD1EAA077500967D49 /* TalkWeather */ = {
			isa = PBXGroup;
			children = (
				BA14964E1EADF82F00D2B740 /* models */,
				BA1496471EADEC8D00D2B740 /* Contrllolers */,
				BA1496431EADEBE100D2B740 /* MainTab */,
				BA29FDE11EAA077500967D49 /* AppDelegate.h */,
				BA29FDE21EAA077500967D49 /* AppDelegate.m */,
				BA29FDE71EAA077500967D49 /* Main.storyboard */,
				BA29FDEA1EAA077500967D49 /* Assets.xcassets */,
				BA29FDEC1EAA077500967D49 /* LaunchScreen.storyboard */,
				BA29FDEF1EAA077500967D49 /* Info.plist */,
				BA29FDDE1EAA077500967D49 /* Supporting Files */,
			);
			path = TalkWeather;
			sourceTree = "<group>";
		};
		BA29FDDE1EAA077500967D49 /* Supporting Files */ = {
			isa = PBXGroup;
			children = (
				C97829631EB61D0C005EEDE1 /* images */,
				BA29FDDF1EAA077500967D49 /* main.m */,
			);
			name = "Supporting Files";
			sourceTree = "<group>";
		};
		C97829631EB61D0C005EEDE1 /* images */ = {
			isa = PBXGroup;
			children = (
				C978296A1EB6212B005EEDE1 /* bgimg.png */,
				C978296E1EB62229005EEDE1 /* tabbar_me@2x.png */,
				C97829701EB62236005EEDE1 /* tabbar_me@3x.png */,
				C978296C1EB621A8005EEDE1 /* image.xcassets */,
			);
			name = images;
			sourceTree = "<group>";
		};
		EB11F1083D052343E3EB6D4F /* Pods */ = {
			isa = PBXGroup;
			children = (
				E190DAC0448C1D78A0D3548E /* Pods-TalkWeather.debug.xcconfig */,
				AD9324B66A074B9FA844E634 /* Pods-TalkWeather.release.xcconfig */,
			);
			name = Pods;
			sourceTree = "<group>";
		};
/* End PBXGroup section */

/* Begin PBXNativeTarget section */
		BA29FDDA1EAA077500967D49 /* TalkWeather */ = {
			isa = PBXNativeTarget;
			buildConfigurationList = BA29FDF21EAA077500967D49 /* Build configuration list for PBXNativeTarget "TalkWeather" */;
			buildPhases = (
				5BC5EF9BFC92181AFCF4283E /* [CP] Check Pods Manifest.lock */,
				BA29FDD71EAA077500967D49 /* Sources */,
				BA29FDD81EAA077500967D49 /* Frameworks */,
				BA29FDD91EAA077500967D49 /* Resources */,
				58EE1503D5EFA0F783615A46 /* [CP] Embed Pods Frameworks */,
				A768738808D6A6C6911AC1BA /* [CP] Copy Pods Resources */,
			);
			buildRules = (
			);
			dependencies = (
			);
			name = TalkWeather;
			productName = TalkWeather;
			productReference = BA29FDDB1EAA077500967D49 /* TalkWeather.app */;
			productType = "com.apple.product-type.application";
		};
/* End PBXNativeTarget section */

/* Begin PBXProject section */
		BA29FDD31EAA077500967D49 /* Project object */ = {
			isa = PBXProject;
			attributes = {
				LastUpgradeCheck = 0830;
				ORGANIZATIONNAME = "kfzx-zhaowei01";
				TargetAttributes = {
					BA29FDDA1EAA077500967D49 = {
						CreatedOnToolsVersion = 8.3.1;
						DevelopmentTeam = CF5V5M2DSS;
						ProvisioningStyle = Automatic;
					};
				};
			};
			buildConfigurationList = BA29FDD61EAA077500967D49 /* Build configuration list for PBXProject "TalkWeather" */;
			compatibilityVersion = "Xcode 3.2";
			developmentRegion = English;
			hasScannedForEncodings = 0;
			knownRegions = (
				en,
				Base,
			);
			mainGroup = BA29FDD21EAA077500967D49;
			productRefGroup = BA29FDDC1EAA077500967D49 /* Products */;
			projectDirPath = "";
			projectRoot = "";
			targets = (
				BA29FDDA1EAA077500967D49 /* TalkWeather */,
			);
		};
/* End PBXProject section */

/* Begin PBXResourcesBuildPhase section */
		BA29FDD91EAA077500967D49 /* Resources */ = {
			isa = PBXResourcesBuildPhase;
			buildActionMask = 2147483647;
			files = (
				BA29FDEE1EAA077500967D49 /* LaunchScreen.storyboard in Resources */,
				BA29FDEB1EAA077500967D49 /* Assets.xcassets in Resources */,
				C978296F1EB62229005EEDE1 /* tabbar_me@2x.png in Resources */,
				C978296B1EB6212B005EEDE1 /* bgimg.png in Resources */,
				C97829711EB62236005EEDE1 /* tabbar_me@3x.png in Resources */,
				BA29FDE91EAA077500967D49 /* Main.storyboard in Resources */,
				C978296D1EB621A8005EEDE1 /* image.xcassets in Resources */,
			);
			runOnlyForDeploymentPostprocessing = 0;
		};
/* End PBXResourcesBuildPhase section */

/* Begin PBXShellScriptBuildPhase section */
		58EE1503D5EFA0F783615A46 /* [CP] Embed Pods Frameworks */ = {
			isa = PBXShellScriptBuildPhase;
			buildActionMask = 2147483647;
			files = (
			);
			inputPaths = (
			);
			name = "[CP] Embed Pods Frameworks";
			outputPaths = (
			);
			runOnlyForDeploymentPostprocessing = 0;
			shellPath = /bin/sh;
			shellScript = "\"${SRCROOT}/Pods/Target Support Files/Pods-TalkWeather/Pods-TalkWeather-frameworks.sh\"\n";
			showEnvVarsInLog = 0;
		};
		5BC5EF9BFC92181AFCF4283E /* [CP] Check Pods Manifest.lock */ = {
			isa = PBXShellScriptBuildPhase;
			buildActionMask = 2147483647;
			files = (
			);
			inputPaths = (
			);
			name = "[CP] Check Pods Manifest.lock";
			outputPaths = (
			);
			runOnlyForDeploymentPostprocessing = 0;
			shellPath = /bin/sh;
			shellScript = "diff \"${PODS_ROOT}/../Podfile.lock\" \"${PODS_ROOT}/Manifest.lock\" > /dev/null\nif [ $? != 0 ] ; then\n    # print error to STDERR\n    echo \"error: The sandbox is not in sync with the Podfile.lock. Run 'pod install' or update your CocoaPods installation.\" >&2\n    exit 1\nfi\n";
			showEnvVarsInLog = 0;
		};
		A768738808D6A6C6911AC1BA /* [CP] Copy Pods Resources */ = {
			isa = PBXShellScriptBuildPhase;
			buildActionMask = 2147483647;
			files = (
			);
			inputPaths = (
			);
			name = "[CP] Copy Pods Resources";
			outputPaths = (
			);
			runOnlyForDeploymentPostprocessing = 0;
			shellPath = /bin/sh;
			shellScript = "\"${SRCROOT}/Pods/Target Support Files/Pods-TalkWeather/Pods-TalkWeather-resources.sh\"\n";
			showEnvVarsInLog = 0;
		};
/* End PBXShellScriptBuildPhase section */

/* Begin PBXSourcesBuildPhase section */
		BA29FDD71EAA077500967D49 /* Sources */ = {
			isa = PBXSourcesBuildPhase;
			buildActionMask = 2147483647;
			files = (
				BA14964D1EADF27D00D2B740 /* WeatherViewController.m in Sources */,
				BA1496461EADEC4200D2B740 /* MainTabBarViewController.m in Sources */,
				BA1496511EADF85700D2B740 /* WeatherInfo.m in Sources */,
				BA10D3F91EB87C2A00BA44C7 /* MeExtentsTableViewCell.m in Sources */,
				BA10D3F51EB84CFB00BA44C7 /* MeTableViewDateSource.m in Sources */,
				BA29FDE31EAA077500967D49 /* AppDelegate.m in Sources */,
				BA29FDE01EAA077500967D49 /* main.m in Sources */,
				BA14964A1EADF26600D2B740 /* MeViewController.m in Sources */,
			);
			runOnlyForDeploymentPostprocessing = 0;
		};
/* End PBXSourcesBuildPhase section */

/* Begin PBXVariantGroup section */
		BA29FDE71EAA077500967D49 /* Main.storyboard */ = {
			isa = PBXVariantGroup;
			children = (
				BA29FDE81EAA077500967D49 /* Base */,
			);
			name = Main.storyboard;
			sourceTree = "<group>";
		};
		BA29FDEC1EAA077500967D49 /* LaunchScreen.storyboard */ = {
			isa = PBXVariantGroup;
			children = (
				BA29FDED1EAA077500967D49 /* Base */,
			);
			name = LaunchScreen.storyboard;
			sourceTree = "<group>";
		};
/* End PBXVariantGroup section */

/* Begin XCBuildConfiguration section */
		BA29FDF01EAA077500967D49 /* Debug */ = {
			isa = XCBuildConfiguration;
			buildSettings = {
				ALWAYS_SEARCH_USER_PATHS = NO;
				CLANG_ANALYZER_NONNULL = YES;
				CLANG_ANALYZER_NUMBER_OBJECT_CONVERSION = YES_AGGRESSIVE;
				CLANG_CXX_LANGUAGE_STANDARD = "gnu++0x";
				CLANG_CXX_LIBRARY = "libc++";
				CLANG_ENABLE_MODULES = YES;
				CLANG_ENABLE_OBJC_ARC = YES;
				CLANG_WARN_BOOL_CONVERSION = YES;
				CLANG_WARN_CONSTANT_CONVERSION = YES;
				CLANG_WARN_DIRECT_OBJC_ISA_USAGE = YES_ERROR;
				CLANG_WARN_DOCUMENTATION_COMMENTS = YES;
				CLANG_WARN_EMPTY_BODY = YES;
				CLANG_WARN_ENUM_CONVERSION = YES;
				CLANG_WARN_INFINITE_RECURSION = YES;
				CLANG_WARN_INT_CONVERSION = YES;
				CLANG_WARN_OBJC_ROOT_CLASS = YES_ERROR;
				CLANG_WARN_SUSPICIOUS_MOVE = YES;
				CLANG_WARN_UNREACHABLE_CODE = YES;
				CLANG_WARN__DUPLICATE_METHOD_MATCH = YES;
				"CODE_SIGN_IDENTITY[sdk=iphoneos*]" = "iPhone Developer";
				COPY_PHASE_STRIP = NO;
				DEBUG_INFORMATION_FORMAT = dwarf;
				ENABLE_STRICT_OBJC_MSGSEND = YES;
				ENABLE_TESTABILITY = YES;
				GCC_C_LANGUAGE_STANDARD = gnu99;
				GCC_DYNAMIC_NO_PIC = NO;
				GCC_NO_COMMON_BLOCKS = YES;
				GCC_OPTIMIZATION_LEVEL = 0;
				GCC_PREPROCESSOR_DEFINITIONS = (
					"DEBUG=1",
					"$(inherited)",
				);
				GCC_WARN_64_TO_32_BIT_CONVERSION = YES;
				GCC_WARN_ABOUT_RETURN_TYPE = YES_ERROR;
				GCC_WARN_UNDECLARED_SELECTOR = YES;
				GCC_WARN_UNINITIALIZED_AUTOS = YES_AGGRESSIVE;
				GCC_WARN_UNUSED_FUNCTION = YES;
				GCC_WARN_UNUSED_VARIABLE = YES;
				IPHONEOS_DEPLOYMENT_TARGET = 10.3;
				MTL_ENABLE_DEBUG_INFO = YES;
				ONLY_ACTIVE_ARCH = YES;
				SDKROOT = iphoneos;
				TARGETED_DEVICE_FAMILY = "1,2";
			};
			name = Debug;
		};
		BA29FDF11EAA077500967D49 /* Release */ = {
			isa = XCBuildConfiguration;
			buildSettings = {
				ALWAYS_SEARCH_USER_PATHS = NO;
				CLANG_ANALYZER_NONNULL = YES;
				CLANG_ANALYZER_NUMBER_OBJECT_CONVERSION = YES_AGGRESSIVE;
				CLANG_CXX_LANGUAGE_STANDARD = "gnu++0x";
				CLANG_CXX_LIBRARY = "libc++";
				CLANG_ENABLE_MODULES = YES;
				CLANG_ENABLE_OBJC_ARC = YES;
				CLANG_WARN_BOOL_CONVERSION = YES;
				CLANG_WARN_CONSTANT_CONVERSION = YES;
				CLANG_WARN_DIRECT_OBJC_ISA_USAGE = YES_ERROR;
				CLANG_WARN_DOCUMENTATION_COMMENTS = YES;
				CLANG_WARN_EMPTY_BODY = YES;
				CLANG_WARN_ENUM_CONVERSION = YES;
				CLANG_WARN_INFINITE_RECURSION = YES;
				CLANG_WARN_INT_CONVERSION = YES;
				CLANG_WARN_OBJC_ROOT_CLASS = YES_ERROR;
				CLANG_WARN_SUSPICIOUS_MOVE = YES;
				CLANG_WARN_UNREACHABLE_CODE = YES;
				CLANG_WARN__DUPLICATE_METHOD_MATCH = YES;
				"CODE_SIGN_IDENTITY[sdk=iphoneos*]" = "iPhone Developer";
				COPY_PHASE_STRIP = NO;
				DEBUG_INFORMATION_FORMAT = "dwarf-with-dsym";
				ENABLE_NS_ASSERTIONS = NO;
				ENABLE_STRICT_OBJC_MSGSEND = YES;
				GCC_C_LANGUAGE_STANDARD = gnu99;
				GCC_NO_COMMON_BLOCKS = YES;
				GCC_WARN_64_TO_32_BIT_CONVERSION = YES;
				GCC_WARN_ABOUT_RETURN_TYPE = YES_ERROR;
				GCC_WARN_UNDECLARED_SELECTOR = YES;
				GCC_WARN_UNINITIALIZED_AUTOS = YES_AGGRESSIVE;
				GCC_WARN_UNUSED_FUNCTION = YES;
				GCC_WARN_UNUSED_VARIABLE = YES;
				IPHONEOS_DEPLOYMENT_TARGET = 10.3;
				MTL_ENABLE_DEBUG_INFO = NO;
				SDKROOT = iphoneos;
				TARGETED_DEVICE_FAMILY = "1,2";
				VALIDATE_PRODUCT = YES;
			};
			name = Release;
		};
		BA29FDF31EAA077500967D49 /* Debug */ = {
			isa = XCBuildConfiguration;
			baseConfigurationReference = E190DAC0448C1D78A0D3548E /* Pods-TalkWeather.debug.xcconfig */;
			buildSettings = {
				ASSETCATALOG_COMPILER_APPICON_NAME = AppIcon;
				DEVELOPMENT_TEAM = CF5V5M2DSS;
				INFOPLIST_FILE = TalkWeather/Info.plist;
				IPHONEOS_DEPLOYMENT_TARGET = 9.1;
				LD_RUNPATH_SEARCH_PATHS = "$(inherited) @executable_path/Frameworks";
				PRODUCT_BUNDLE_IDENTIFIER = cn.com.a.b.TalkWeather;
				PRODUCT_NAME = "$(TARGET_NAME)";
			};
			name = Debug;
		};
		BA29FDF41EAA077500967D49 /* Release */ = {
			isa = XCBuildConfiguration;
			baseConfigurationReference = AD9324B66A074B9FA844E634 /* Pods-TalkWeather.release.xcconfig */;
			buildSettings = {
				ASSETCATALOG_COMPILER_APPICON_NAME = AppIcon;
				DEVELOPMENT_TEAM = CF5V5M2DSS;
				INFOPLIST_FILE = TalkWeather/Info.plist;
				IPHONEOS_DEPLOYMENT_TARGET = 9.1;
				LD_RUNPATH_SEARCH_PATHS = "$(inherited) @executable_path/Frameworks";
				PRODUCT_BUNDLE_IDENTIFIER = cn.com.a.b.TalkWeather;
				PRODUCT_NAME = "$(TARGET_NAME)";
			};
			name = Release;
		};
/* End XCBuildConfiguration section */

/* Begin XCConfigurationList section */
		BA29FDD61EAA077500967D49 /* Build configuration list for PBXProject "TalkWeather" */ = {
			isa = XCConfigurationList;
			buildConfigurations = (
				BA29FDF01EAA077500967D49 /* Debug */,
				BA29FDF11EAA077500967D49 /* Release */,
			);
			defaultConfigurationIsVisible = 0;
			defaultConfigurationName = Release;
		};
		BA29FDF21EAA077500967D49 /* Build configuration list for PBXNativeTarget "TalkWeather" */ = {
			isa = XCConfigurationList;
			buildConfigurations = (
				BA29FDF31EAA077500967D49 /* Debug */,
				BA29FDF41EAA077500967D49 /* Release */,
			);
			defaultConfigurationIsVisible = 0;
			defaultConfigurationName = Release;
		};
/* End XCConfigurationList section */
	};
	rootObject = BA29FDD31EAA077500967D49 /* Project object */;
}
